
Microsoft Visual Studio Solution File, Format Version 12.00
# Visual Studio Version 16
VisualStudioVersion = 16.0.31727.386
MinimumVisualStudioVersion = 10.0.40219.1
Project("{888888A0-9F3D-457C-B088-3A5042F75D52}") = "calculator", "calculator\calculator.pyproj", "{4D33FE02-A038-460E-9D5C-71A693185D8A}"
EndProject
Global
	GlobalSection(SolutionConfigurationPlatforms) = preSolution
		Debug|Any CPU = Debug|Any CPU
		Release|Any CPU = Release|Any CPU
	EndGlobalSection
	GlobalSection(ProjectConfigurationPlatforms) = postSolution
		{4D33FE02-A038-460E-9D5C-71A693185D8A}.Debug|Any CPU.ActiveCfg = Debug|Any CPU
		{4D33FE02-A038-460E-9D5C-71A693185D8A}.Release|Any CPU.ActiveCfg = Release|Any CPU
	EndGlobalSection
	GlobalSection(SolutionProperties) = preSolution
		HideSolutionNode = FALSE
	EndGlobalSection
	GlobalSection(ExtensibilityGlobals) = postSolution
		SolutionGuid = {D2F74BE4-B87A-4FEF-9A0A-4FE77AA4BA68}
	EndGlobalSection
EndGlobal
